
Microsoft Visual Studio Solution File, Format Version 12.00
# Visual Studio 15
Project("{FAE04EC0-301F-11D3-BF4B-00C04F79EFBC}") = "TaskBoard", "TaskBoard.csproj", "{22A93E5E-4A51-4C55-B5B1-532FE2A91E76}"
EndProject
Global
	GlobalSection(SolutionConfigurationPlatforms) = preSolution
		Debug|Any CPU = Debug|Any CPU
		Release|Any CPU = Release|Any CPU
	EndGlobalSection
	GlobalSection(ProjectConfigurationPlatforms) = postSolution
		{22A93E5E-4A51-4C55-B5B1-532FE2A91E76}.Debug|Any CPU.ActiveCfg = Debug|Any CPU
		{22A93E5E-4A51-4C55-B5B1-532FE2A91E76}.Debug|Any CPU.Build.0 = Debug|Any CPU
		{22A93E5E-4A51-4C55-B5B1-532FE2A91E76}.Release|Any CPU.ActiveCfg = Release|Any CPU
		{22A93E5E-4A51-4C55-B5B1-532FE2A91E76}.Release|Any CPU.Build.0 = Release|Any CPU
	EndGlobalSection
EndGlobal
